{
  "name": "test-nextjs-local",
  "version": "1.0.0",
  "lockfileVersion": 3,
  "requires": true,
  "packages": {
    "": {
      "name": "test-nextjs-local",
      "version": "1.0.0",
      "license": "ISC",
      "dependencies": {
        "@sylphx/silk": "file:../packages/core/sylphx-silk-2.0.1.tgz"
      }
    },
    "node_modules/@sylphx/silk": {
      "version": "2.0.1",
      "resolved": "file:../packages/core/sylphx-silk-2.0.1.tgz",
      "integrity": "sha512-fDOpgmN98BEUBHIsm7Hv14OlUrQ+OskwGpunzI3dIpJRuBpo6TuSBz5vOAjx1Yf1gzrXwqLD+Bmdv79lG4prOQ==",
      "license": "MIT"
    }
  }
}
